// !$*UTF8*$!
{
	archiveVersion = 1;
	classes = {
	};
	objectVersion = 50;
	objects = {

/* Begin PBXBuildFile section */
		4F1762B321CFF823000C3E34 /* CollectionsTableViewCell.swift in Sources */ = {isa = PBXBuildFile; fileRef = 4F1762B221CFF823000C3E34 /* CollectionsTableViewCell.swift */; };
		4F1762B521CFF82E000C3E34 /* CollectionsTableViewCell.xib in Resources */ = {isa = PBXBuildFile; fileRef = 4F1762B421CFF82E000C3E34 /* CollectionsTableViewCell.xib */; };
		4F1762B821CFF84E000C3E34 /* CollectionsCollectionViewCell.swift in Sources */ = {isa = PBXBuildFile; fileRef = 4F1762B621CFF84E000C3E34 /* CollectionsCollectionViewCell.swift */; };
		4F1762B921CFF84E000C3E34 /* CollectionsCollectionViewCell.xib in Resources */ = {isa = PBXBuildFile; fileRef = 4F1762B721CFF84E000C3E34 /* CollectionsCollectionViewCell.xib */; };
		4F1762BB21CFF9CF000C3E34 /* CollectionPresentation.swift in Sources */ = {isa = PBXBuildFile; fileRef = 4F1762BA21CFF9CF000C3E34 /* CollectionPresentation.swift */; };
		4F1762BE21D000D8000C3E34 /* FeaturedTableViewCellBuilder.swift in Sources */ = {isa = PBXBuildFile; fileRef = 4F1762BD21D000D8000C3E34 /* FeaturedTableViewCellBuilder.swift */; };
		4F1762C121D00275000C3E34 /* NewProductsTableViewCellBuilder.swift in Sources */ = {isa = PBXBuildFile; fileRef = 4F1762C021D00275000C3E34 /* NewProductsTableViewCellBuilder.swift */; };
		4F1762C321D00307000C3E34 /* CategoriesTableViewCellBuilder.swift in Sources */ = {isa = PBXBuildFile; fileRef = 4F1762C221D00307000C3E34 /* CategoriesTableViewCellBuilder.swift */; };
		4F1762C521D0038E000C3E34 /* CollectionsTableViewCellBuilder.swift in Sources */ = {isa = PBXBuildFile; fileRef = 4F1762C421D0038E000C3E34 /* CollectionsTableViewCellBuilder.swift */; };
		4F1762C721D00435000C3E34 /* CollectionsCollectionViewCellBuilder.swift in Sources */ = {isa = PBXBuildFile; fileRef = 4F1762C621D00435000C3E34 /* CollectionsCollectionViewCellBuilder.swift */; };
		4F1762C921D0058F000C3E34 /* CategoriesCollectionViewCellBuilder.swift in Sources */ = {isa = PBXBuildFile; fileRef = 4F1762C821D0058F000C3E34 /* CategoriesCollectionViewCellBuilder.swift */; };
		4F1762CB21D0068A000C3E34 /* NewProductsCollectionViewCellBuilder.swift in Sources */ = {isa = PBXBuildFile; fileRef = 4F1762CA21D0068A000C3E34 /* NewProductsCollectionViewCellBuilder.swift */; };
		4F1762CE21D00840000C3E34 /* EditorShopsTableViewCell.swift in Sources */ = {isa = PBXBuildFile; fileRef = 4F1762CD21D00840000C3E34 /* EditorShopsTableViewCell.swift */; };
		4F1762D021D0089D000C3E34 /* EditorShopPresentation.swift in Sources */ = {isa = PBXBuildFile; fileRef = 4F1762CF21D0089D000C3E34 /* EditorShopPresentation.swift */; };
		4F1762D221D00CCA000C3E34 /* EditorShopsTableViewCellBuilder.swift in Sources */ = {isa = PBXBuildFile; fileRef = 4F1762D121D00CCA000C3E34 /* EditorShopsTableViewCellBuilder.swift */; };
		4F1762D421D00DF1000C3E34 /* EditorShopsTableViewCell.xib in Resources */ = {isa = PBXBuildFile; fileRef = 4F1762D321D00DF1000C3E34 /* EditorShopsTableViewCell.xib */; };
		4F1762D721D00F43000C3E34 /* EditorShopsCollectionViewCell.swift in Sources */ = {isa = PBXBuildFile; fileRef = 4F1762D521D00F43000C3E34 /* EditorShopsCollectionViewCell.swift */; };
		4F1762D821D00F43000C3E34 /* EditorShopsCollectionViewCell.xib in Resources */ = {isa = PBXBuildFile; fileRef = 4F1762D621D00F43000C3E34 /* EditorShopsCollectionViewCell.xib */; };
		4F1762DA21D01282000C3E34 /* EditorShopsCollectionViewCellBuilder.swift in Sources */ = {isa = PBXBuildFile; fileRef = 4F1762D921D01282000C3E34 /* EditorShopsCollectionViewCellBuilder.swift */; };
		4F1762DE21D0292D000C3E34 /* DiscoverDetailBuilder.swift in Sources */ = {isa = PBXBuildFile; fileRef = 4F1762DD21D0292D000C3E34 /* DiscoverDetailBuilder.swift */; };
		4F1762E021D0293F000C3E34 /* DiscoverDetailViewController.swift in Sources */ = {isa = PBXBuildFile; fileRef = 4F1762DF21D0293F000C3E34 /* DiscoverDetailViewController.swift */; };
		4F1762E221D02951000C3E34 /* DiscoverDetailView.swift in Sources */ = {isa = PBXBuildFile; fileRef = 4F1762E121D02951000C3E34 /* DiscoverDetailView.swift */; };
		4F1762E421D0296A000C3E34 /* DiscoverDetail.storyboard in Resources */ = {isa = PBXBuildFile; fileRef = 4F1762E321D0296A000C3E34 /* DiscoverDetail.storyboard */; };
		4F1762E821D02BE6000C3E34 /* DiscoverDetailContracts.swift in Sources */ = {isa = PBXBuildFile; fileRef = 4F1762E721D02BE6000C3E34 /* DiscoverDetailContracts.swift */; };
		4F2674B621CC2FC500EE4EBC /* Kingfisher.framework in Frameworks */ = {isa = PBXBuildFile; fileRef = 4F2674B521CC2FC500EE4EBC /* Kingfisher.framework */; };
		4F2674BE21CC346200EE4EBC /* AppRouter.swift in Sources */ = {isa = PBXBuildFile; fileRef = 4F2674BD21CC346200EE4EBC /* AppRouter.swift */; };
		4F2674C021CC34D500EE4EBC /* DiscoverView.swift in Sources */ = {isa = PBXBuildFile; fileRef = 4F2674BF21CC34D500EE4EBC /* DiscoverView.swift */; };
		4F2674C221CC351B00EE4EBC /* Discover.storyboard in Resources */ = {isa = PBXBuildFile; fileRef = 4F2674C121CC351B00EE4EBC /* Discover.storyboard */; };
		4F2674C421CC354300EE4EBC /* DiscoverBuilder.swift in Sources */ = {isa = PBXBuildFile; fileRef = 4F2674C321CC354300EE4EBC /* DiscoverBuilder.swift */; };
		4F2674C621CC355F00EE4EBC /* DiscoverViewController.swift in Sources */ = {isa = PBXBuildFile; fileRef = 4F2674C521CC355F00EE4EBC /* DiscoverViewController.swift */; };
		4F2674C821CC357D00EE4EBC /* DiscoverContracts.swift in Sources */ = {isa = PBXBuildFile; fileRef = 4F2674C721CC357D00EE4EBC /* DiscoverContracts.swift */; };
		4F2674CD21CC3A9600EE4EBC /* DiscoverPresentation.swift in Sources */ = {isa = PBXBuildFile; fileRef = 4F2674CC21CC3A9600EE4EBC /* DiscoverPresentation.swift */; };
		4F2674CF21CC3ABB00EE4EBC /* FeaturedPresentation.swift in Sources */ = {isa = PBXBuildFile; fileRef = 4F2674CE21CC3ABB00EE4EBC /* FeaturedPresentation.swift */; };
		4F2674D121CC41D500EE4EBC /* AppContainer.swift in Sources */ = {isa = PBXBuildFile; fileRef = 4F2674D021CC41D500EE4EBC /* AppContainer.swift */; };
		4F5252C621CEA37E0057ED61 /* NewProductsCollectionViewCell.swift in Sources */ = {isa = PBXBuildFile; fileRef = 4F5252C421CEA37E0057ED61 /* NewProductsCollectionViewCell.swift */; };
		4F5252C721CEA37E0057ED61 /* NewProductsCollectionViewCell.xib in Resources */ = {isa = PBXBuildFile; fileRef = 4F5252C521CEA37E0057ED61 /* NewProductsCollectionViewCell.xib */; };
		4F5941CD21D0B4FA00AD31B7 /* Extensions.swift in Sources */ = {isa = PBXBuildFile; fileRef = 4F5941CC21D0B4FA00AD31B7 /* Extensions.swift */; };
		4F734C3421CD03070005903E /* XibLoadable.swift in Sources */ = {isa = PBXBuildFile; fileRef = 4F734C3321CD03070005903E /* XibLoadable.swift */; };
		4F734C3721CD03660005903E /* FeaturedTableViewCell.swift in Sources */ = {isa = PBXBuildFile; fileRef = 4F734C3621CD03660005903E /* FeaturedTableViewCell.swift */; };
		4F734C3921CD03780005903E /* FeaturedTableViewCell.xib in Resources */ = {isa = PBXBuildFile; fileRef = 4F734C3821CD03780005903E /* FeaturedTableViewCell.xib */; };
		4F734C3B21CD08420005903E /* SlideView.xib in Resources */ = {isa = PBXBuildFile; fileRef = 4F734C3A21CD08420005903E /* SlideView.xib */; };
		4F734C3D21CD08500005903E /* SlideView.swift in Sources */ = {isa = PBXBuildFile; fileRef = 4F734C3C21CD08500005903E /* SlideView.swift */; };
		4F734C3F21CD11F70005903E /* ProductPresentation.swift in Sources */ = {isa = PBXBuildFile; fileRef = 4F734C3E21CD11F70005903E /* ProductPresentation.swift */; };
		4F734C4121CD19BD0005903E /* NewProductsTableViewCell.swift in Sources */ = {isa = PBXBuildFile; fileRef = 4F734C4021CD19BD0005903E /* NewProductsTableViewCell.swift */; };
		4F734C4521CD19FA0005903E /* NewProductsTableViewCell.xib in Resources */ = {isa = PBXBuildFile; fileRef = 4F734C4421CD19FA0005903E /* NewProductsTableViewCell.xib */; };
		4F8199B621CB756800264D6A /* AppDelegate.swift in Sources */ = {isa = PBXBuildFile; fileRef = 4F8199B521CB756800264D6A /* AppDelegate.swift */; };
		4F8199BD21CB756900264D6A /* Assets.xcassets in Resources */ = {isa = PBXBuildFile; fileRef = 4F8199BC21CB756900264D6A /* Assets.xcassets */; };
		4F8199C021CB756900264D6A /* LaunchScreen.storyboard in Resources */ = {isa = PBXBuildFile; fileRef = 4F8199BE21CB756900264D6A /* LaunchScreen.storyboard */; };
		4F8199F821CB837600264D6A /* NetworkAPI.framework in Frameworks */ = {isa = PBXBuildFile; fileRef = 4F8199F521CB836400264D6A /* NetworkAPI.framework */; };
		4F8199F921CB837600264D6A /* NetworkAPI.framework in Embed Frameworks */ = {isa = PBXBuildFile; fileRef = 4F8199F521CB836400264D6A /* NetworkAPI.framework */; settings = {ATTRIBUTES = (CodeSignOnCopy, RemoveHeadersOnCopy, ); }; };
		4FAE409621CFCB9700E81F2F /* CategoriesTableViewCell.swift in Sources */ = {isa = PBXBuildFile; fileRef = 4FAE409521CFCB9700E81F2F /* CategoriesTableViewCell.swift */; };
		4FAE409821CFCBA200E81F2F /* CategoriesTableViewCell.xib in Resources */ = {isa = PBXBuildFile; fileRef = 4FAE409721CFCBA200E81F2F /* CategoriesTableViewCell.xib */; };
		4FAE409B21CFCBBB00E81F2F /* CategoriesCollectionViewCell.swift in Sources */ = {isa = PBXBuildFile; fileRef = 4FAE409921CFCBBB00E81F2F /* CategoriesCollectionViewCell.swift */; };
		4FAE409C21CFCBBB00E81F2F /* CategoriesCollectionViewCell.xib in Resources */ = {isa = PBXBuildFile; fileRef = 4FAE409A21CFCBBB00E81F2F /* CategoriesCollectionViewCell.xib */; };
		4FAE409E21CFCC9100E81F2F /* CategoryPresentation.swift in Sources */ = {isa = PBXBuildFile; fileRef = 4FAE409D21CFCC9100E81F2F /* CategoryPresentation.swift */; };
/* End PBXBuildFile section */

/* Begin PBXContainerItemProxy section */
		4F8199F421CB836400264D6A /* PBXContainerItemProxy */ = {
			isa = PBXContainerItemProxy;
			containerPortal = 4F8199EF21CB836400264D6A /* NetworkAPI.xcodeproj */;
			proxyType = 2;
			remoteGlobalIDString = 4F8199D121CB75E600264D6A;
			remoteInfo = NetworkAPI;
		};
		4F8199F621CB836400264D6A /* PBXContainerItemProxy */ = {
			isa = PBXContainerItemProxy;
			containerPortal = 4F8199EF21CB836400264D6A /* NetworkAPI.xcodeproj */;
			proxyType = 2;
			remoteGlobalIDString = 4F8199DA21CB75E600264D6A;
			remoteInfo = NetworkAPITests;
		};
		4F8199FA21CB837600264D6A /* PBXContainerItemProxy */ = {
			isa = PBXContainerItemProxy;
			containerPortal = 4F8199EF21CB836400264D6A /* NetworkAPI.xcodeproj */;
			proxyType = 1;
			remoteGlobalIDString = 4F8199D021CB75E600264D6A;
			remoteInfo = NetworkAPI;
		};
/* End PBXContainerItemProxy section */

/* Begin PBXCopyFilesBuildPhase section */
		4F8199FC21CB837700264D6A /* Embed Frameworks */ = {
			isa = PBXCopyFilesBuildPhase;
			buildActionMask = 2147483647;
			dstPath = "";
			dstSubfolderSpec = 10;
			files = (
				4F8199F921CB837600264D6A /* NetworkAPI.framework in Embed Frameworks */,
			);
			name = "Embed Frameworks";
			runOnlyForDeploymentPostprocessing = 0;
		};
/* End PBXCopyFilesBuildPhase section */

/* Begin PBXFileReference section */
		4F1762B221CFF823000C3E34 /* CollectionsTableViewCell.swift */ = {isa = PBXFileReference; lastKnownFileType = sourcecode.swift; path = CollectionsTableViewCell.swift; sourceTree = "<group>"; };
		4F1762B421CFF82E000C3E34 /* CollectionsTableViewCell.xib */ = {isa = PBXFileReference; lastKnownFileType = file.xib; path = CollectionsTableViewCell.xib; sourceTree = "<group>"; };
		4F1762B621CFF84E000C3E34 /* CollectionsCollectionViewCell.swift */ = {isa = PBXFileReference; lastKnownFileType = sourcecode.swift; path = CollectionsCollectionViewCell.swift; sourceTree = "<group>"; };
		4F1762B721CFF84E000C3E34 /* CollectionsCollectionViewCell.xib */ = {isa = PBXFileReference; lastKnownFileType = file.xib; path = CollectionsCollectionViewCell.xib; sourceTree = "<group>"; };
		4F1762BA21CFF9CF000C3E34 /* CollectionPresentation.swift */ = {isa = PBXFileReference; lastKnownFileType = sourcecode.swift; path = CollectionPresentation.swift; sourceTree = "<group>"; };
		4F1762BD21D000D8000C3E34 /* FeaturedTableViewCellBuilder.swift */ = {isa = PBXFileReference; lastKnownFileType = sourcecode.swift; path = FeaturedTableViewCellBuilder.swift; sourceTree = "<group>"; };
		4F1762C021D00275000C3E34 /* NewProductsTableViewCellBuilder.swift */ = {isa = PBXFileReference; lastKnownFileType = sourcecode.swift; path = NewProductsTableViewCellBuilder.swift; sourceTree = "<group>"; };
		4F1762C221D00307000C3E34 /* CategoriesTableViewCellBuilder.swift */ = {isa = PBXFileReference; lastKnownFileType = sourcecode.swift; path = CategoriesTableViewCellBuilder.swift; sourceTree = "<group>"; };
		4F1762C421D0038E000C3E34 /* CollectionsTableViewCellBuilder.swift */ = {isa = PBXFileReference; lastKnownFileType = sourcecode.swift; path = CollectionsTableViewCellBuilder.swift; sourceTree = "<group>"; };
		4F1762C621D00435000C3E34 /* CollectionsCollectionViewCellBuilder.swift */ = {isa = PBXFileReference; lastKnownFileType = sourcecode.swift; path = CollectionsCollectionViewCellBuilder.swift; sourceTree = "<group>"; };
		4F1762C821D0058F000C3E34 /* CategoriesCollectionViewCellBuilder.swift */ = {isa = PBXFileReference; lastKnownFileType = sourcecode.swift; path = CategoriesCollectionViewCellBuilder.swift; sourceTree = "<group>"; };
		4F1762CA21D0068A000C3E34 /* NewProductsCollectionViewCellBuilder.swift */ = {isa = PBXFileReference; lastKnownFileType = sourcecode.swift; path = NewProductsCollectionViewCellBuilder.swift; sourceTree = "<group>"; };
		4F1762CD21D00840000C3E34 /* EditorShopsTableViewCell.swift */ = {isa = PBXFileReference; lastKnownFileType = sourcecode.swift; path = EditorShopsTableViewCell.swift; sourceTree = "<group>"; };
		4F1762CF21D0089D000C3E34 /* EditorShopPresentation.swift */ = {isa = PBXFileReference; lastKnownFileType = sourcecode.swift; path = EditorShopPresentation.swift; sourceTree = "<group>"; };
		4F1762D121D00CCA000C3E34 /* EditorShopsTableViewCellBuilder.swift */ = {isa = PBXFileReference; lastKnownFileType = sourcecode.swift; path = EditorShopsTableViewCellBuilder.swift; sourceTree = "<group>"; };
		4F1762D321D00DF1000C3E34 /* EditorShopsTableViewCell.xib */ = {isa = PBXFileReference; lastKnownFileType = file.xib; path = EditorShopsTableViewCell.xib; sourceTree = "<group>"; };
		4F1762D521D00F43000C3E34 /* EditorShopsCollectionViewCell.swift */ = {isa = PBXFileReference; lastKnownFileType = sourcecode.swift; path = EditorShopsCollectionViewCell.swift; sourceTree = "<group>"; };
		4F1762D621D00F43000C3E34 /* EditorShopsCollectionViewCell.xib */ = {isa = PBXFileReference; lastKnownFileType = file.xib; path = EditorShopsCollectionViewCell.xib; sourceTree = "<group>"; };
		4F1762D921D01282000C3E34 /* EditorShopsCollectionViewCellBuilder.swift */ = {isa = PBXFileReference; lastKnownFileType = sourcecode.swift; path = EditorShopsCollectionViewCellBuilder.swift; sourceTree = "<group>"; };
		4F1762DD21D0292D000C3E34 /* DiscoverDetailBuilder.swift */ = {isa = PBXFileReference; lastKnownFileType = sourcecode.swift; path = DiscoverDetailBuilder.swift; sourceTree = "<group>"; };
		4F1762DF21D0293F000C3E34 /* DiscoverDetailViewController.swift */ = {isa = PBXFileReference; lastKnownFileType = sourcecode.swift; path = DiscoverDetailViewController.swift; sourceTree = "<group>"; };
		4F1762E121D02951000C3E34 /* DiscoverDetailView.swift */ = {isa = PBXFileReference; lastKnownFileType = sourcecode.swift; path = DiscoverDetailView.swift; sourceTree = "<group>"; };
		4F1762E321D0296A000C3E34 /* DiscoverDetail.storyboard */ = {isa = PBXFileReference; lastKnownFileType = file.storyboard; path = DiscoverDetail.storyboard; sourceTree = "<group>"; };
		4F1762E721D02BE6000C3E34 /* DiscoverDetailContracts.swift */ = {isa = PBXFileReference; lastKnownFileType = sourcecode.swift; path = DiscoverDetailContracts.swift; sourceTree = "<group>"; };
		4F2674B521CC2FC500EE4EBC /* Kingfisher.framework */ = {isa = PBXFileReference; lastKnownFileType = wrapper.framework; name = Kingfisher.framework; path = ../Vendor/Carthage/Build/iOS/Kingfisher.framework; sourceTree = "<group>"; };
		4F2674BD21CC346200EE4EBC /* AppRouter.swift */ = {isa = PBXFileReference; lastKnownFileType = sourcecode.swift; path = AppRouter.swift; sourceTree = "<group>"; };
		4F2674BF21CC34D500EE4EBC /* DiscoverView.swift */ = {isa = PBXFileReference; lastKnownFileType = sourcecode.swift; path = DiscoverView.swift; sourceTree = "<group>"; };
		4F2674C121CC351B00EE4EBC /* Discover.storyboard */ = {isa = PBXFileReference; lastKnownFileType = file.storyboard; path = Discover.storyboard; sourceTree = "<group>"; };
		4F2674C321CC354300EE4EBC /* DiscoverBuilder.swift */ = {isa = PBXFileReference; lastKnownFileType = sourcecode.swift; path = DiscoverBuilder.swift; sourceTree = "<group>"; };
		4F2674C521CC355F00EE4EBC /* DiscoverViewController.swift */ = {isa = PBXFileReference; lastKnownFileType = sourcecode.swift; path = DiscoverViewController.swift; sourceTree = "<group>"; };
		4F2674C721CC357D00EE4EBC /* DiscoverContracts.swift */ = {isa = PBXFileReference; lastKnownFileType = sourcecode.swift; path = DiscoverContracts.swift; sourceTree = "<group>"; };
		4F2674CC21CC3A9600EE4EBC /* DiscoverPresentation.swift */ = {isa = PBXFileReference; lastKnownFileType = sourcecode.swift; path = DiscoverPresentation.swift; sourceTree = "<group>"; };
		4F2674CE21CC3ABB00EE4EBC /* FeaturedPresentation.swift */ = {isa = PBXFileReference; lastKnownFileType = sourcecode.swift; path = FeaturedPresentation.swift; sourceTree = "<group>"; };
		4F2674D021CC41D500EE4EBC /* AppContainer.swift */ = {isa = PBXFileReference; lastKnownFileType = sourcecode.swift; path = AppContainer.swift; sourceTree = "<group>"; };
		4F5252C421CEA37E0057ED61 /* NewProductsCollectionViewCell.swift */ = {isa = PBXFileReference; lastKnownFileType = sourcecode.swift; path = NewProductsCollectionViewCell.swift; sourceTree = "<group>"; };
		4F5252C521CEA37E0057ED61 /* NewProductsCollectionViewCell.xib */ = {isa = PBXFileReference; lastKnownFileType = file.xib; path = NewProductsCollectionViewCell.xib; sourceTree = "<group>"; };
		4F5941CC21D0B4FA00AD31B7 /* Extensions.swift */ = {isa = PBXFileReference; lastKnownFileType = sourcecode.swift; path = Extensions.swift; sourceTree = "<group>"; };
		4F734C3321CD03070005903E /* XibLoadable.swift */ = {isa = PBXFileReference; lastKnownFileType = sourcecode.swift; path = XibLoadable.swift; sourceTree = "<group>"; };
		4F734C3621CD03660005903E /* FeaturedTableViewCell.swift */ = {isa = PBXFileReference; lastKnownFileType = sourcecode.swift; path = FeaturedTableViewCell.swift; sourceTree = "<group>"; };
		4F734C3821CD03780005903E /* FeaturedTableViewCell.xib */ = {isa = PBXFileReference; lastKnownFileType = file.xib; path = FeaturedTableViewCell.xib; sourceTree = "<group>"; };
		4F734C3A21CD08420005903E /* SlideView.xib */ = {isa = PBXFileReference; lastKnownFileType = file.xib; path = SlideView.xib; sourceTree = "<group>"; };
		4F734C3C21CD08500005903E /* SlideView.swift */ = {isa = PBXFileReference; lastKnownFileType = sourcecode.swift; path = SlideView.swift; sourceTree = "<group>"; };
		4F734C3E21CD11F70005903E /* ProductPresentation.swift */ = {isa = PBXFileReference; lastKnownFileType = sourcecode.swift; path = ProductPresentation.swift; sourceTree = "<group>"; };
		4F734C4021CD19BD0005903E /* NewProductsTableViewCell.swift */ = {isa = PBXFileReference; lastKnownFileType = sourcecode.swift; path = NewProductsTableViewCell.swift; sourceTree = "<group>"; };
		4F734C4421CD19FA0005903E /* NewProductsTableViewCell.xib */ = {isa = PBXFileReference; lastKnownFileType = file.xib; path = NewProductsTableViewCell.xib; sourceTree = "<group>"; };
		4F8199B221CB756800264D6A /* Mobillium_Behlul.app */ = {isa = PBXFileReference; explicitFileType = wrapper.application; includeInIndex = 0; path = Mobillium_Behlul.app; sourceTree = BUILT_PRODUCTS_DIR; };
		4F8199B521CB756800264D6A /* AppDelegate.swift */ = {isa = PBXFileReference; lastKnownFileType = sourcecode.swift; path = AppDelegate.swift; sourceTree = "<group>"; };
		4F8199BC21CB756900264D6A /* Assets.xcassets */ = {isa = PBXFileReference; lastKnownFileType = folder.assetcatalog; path = Assets.xcassets; sourceTree = "<group>"; };
		4F8199BF21CB756900264D6A /* Base */ = {isa = PBXFileReference; lastKnownFileType = file.storyboard; name = Base; path = Base.lproj/LaunchScreen.storyboard; sourceTree = "<group>"; };
		4F8199C121CB756900264D6A /* Info.plist */ = {isa = PBXFileReference; lastKnownFileType = text.plist.xml; path = Info.plist; sourceTree = "<group>"; };
		4F8199EF21CB836400264D6A /* NetworkAPI.xcodeproj */ = {isa = PBXFileReference; lastKnownFileType = "wrapper.pb-project"; name = NetworkAPI.xcodeproj; path = ../NetworkAPI/NetworkAPI.xcodeproj; sourceTree = "<group>"; };
		4FAE409521CFCB9700E81F2F /* CategoriesTableViewCell.swift */ = {isa = PBXFileReference; lastKnownFileType = sourcecode.swift; path = CategoriesTableViewCell.swift; sourceTree = "<group>"; };
		4FAE409721CFCBA200E81F2F /* CategoriesTableViewCell.xib */ = {isa = PBXFileReference; lastKnownFileType = file.xib; path = CategoriesTableViewCell.xib; sourceTree = "<group>"; };
		4FAE409921CFCBBB00E81F2F /* CategoriesCollectionViewCell.swift */ = {isa = PBXFileReference; lastKnownFileType = sourcecode.swift; path = CategoriesCollectionViewCell.swift; sourceTree = "<group>"; };
		4FAE409A21CFCBBB00E81F2F /* CategoriesCollectionViewCell.xib */ = {isa = PBXFileReference; lastKnownFileType = file.xib; path = CategoriesCollectionViewCell.xib; sourceTree = "<group>"; };
		4FAE409D21CFCC9100E81F2F /* CategoryPresentation.swift */ = {isa = PBXFileReference; lastKnownFileType = sourcecode.swift; path = CategoryPresentation.swift; sourceTree = "<group>"; };
/* End PBXFileReference section */

/* Begin PBXFrameworksBuildPhase section */
		4F8199AF21CB756800264D6A /* Frameworks */ = {
			isa = PBXFrameworksBuildPhase;
			buildActionMask = 2147483647;
			files = (
				4F2674B621CC2FC500EE4EBC /* Kingfisher.framework in Frameworks */,
				4F8199F821CB837600264D6A /* NetworkAPI.framework in Frameworks */,
			);
			runOnlyForDeploymentPostprocessing = 0;
		};
/* End PBXFrameworksBuildPhase section */

/* Begin PBXGroup section */
		4F1762B121CFF7F5000C3E34 /* Collections */ = {
			isa = PBXGroup;
			children = (
				4F1762C421D0038E000C3E34 /* CollectionsTableViewCellBuilder.swift */,
				4F1762B221CFF823000C3E34 /* CollectionsTableViewCell.swift */,
				4F1762B421CFF82E000C3E34 /* CollectionsTableViewCell.xib */,
				4F1762C621D00435000C3E34 /* CollectionsCollectionViewCellBuilder.swift */,
				4F1762B621CFF84E000C3E34 /* CollectionsCollectionViewCell.swift */,
				4F1762B721CFF84E000C3E34 /* CollectionsCollectionViewCell.xib */,
			);
			path = Collections;
			sourceTree = "<group>";
		};
		4F1762CC21D007FE000C3E34 /* EditorShops */ = {
			isa = PBXGroup;
			children = (
				4F1762D121D00CCA000C3E34 /* EditorShopsTableViewCellBuilder.swift */,
				4F1762CD21D00840000C3E34 /* EditorShopsTableViewCell.swift */,
				4F1762D321D00DF1000C3E34 /* EditorShopsTableViewCell.xib */,
				4F1762D921D01282000C3E34 /* EditorShopsCollectionViewCellBuilder.swift */,
				4F1762D521D00F43000C3E34 /* EditorShopsCollectionViewCell.swift */,
				4F1762D621D00F43000C3E34 /* EditorShopsCollectionViewCell.xib */,
			);
			path = EditorShops;
			sourceTree = "<group>";
		};
		4F1762DC21D02906000C3E34 /* DiscoverDetail */ = {
			isa = PBXGroup;
			children = (
				4F1762E321D0296A000C3E34 /* DiscoverDetail.storyboard */,
				4F1762E121D02951000C3E34 /* DiscoverDetailView.swift */,
				4F1762DF21D0293F000C3E34 /* DiscoverDetailViewController.swift */,
				4F1762DD21D0292D000C3E34 /* DiscoverDetailBuilder.swift */,
				4F1762E721D02BE6000C3E34 /* DiscoverDetailContracts.swift */,
			);
			path = DiscoverDetail;
			sourceTree = "<group>";
		};
		4F2674B821CC33A700EE4EBC /* Supporting Files */ = {
			isa = PBXGroup;
			children = (
				4F8199BE21CB756900264D6A /* LaunchScreen.storyboard */,
				4F8199C121CB756900264D6A /* Info.plist */,
			);
			path = "Supporting Files";
			sourceTree = "<group>";
		};
		4F2674B921CC33BB00EE4EBC /* Resources */ = {
			isa = PBXGroup;
			children = (
				4F8199BC21CB756900264D6A /* Assets.xcassets */,
			);
			path = Resources;
			sourceTree = "<group>";
		};
		4F2674BA21CC33D300EE4EBC /* Scenes */ = {
			isa = PBXGroup;
			children = (
				4F1762DC21D02906000C3E34 /* DiscoverDetail */,
				4F734C2B21CCF3590005903E /* Discover */,
			);
			path = Scenes;
			sourceTree = "<group>";
		};
		4F2674BB21CC33E700EE4EBC /* App */ = {
			isa = PBXGroup;
			children = (
				4F8199B521CB756800264D6A /* AppDelegate.swift */,
				4F2674D021CC41D500EE4EBC /* AppContainer.swift */,
				4F2674BD21CC346200EE4EBC /* AppRouter.swift */,
			);
			path = App;
			sourceTree = "<group>";
		};
		4F2674CB21CC3A6500EE4EBC /* Presentations */ = {
			isa = PBXGroup;
			children = (
				4F2674CC21CC3A9600EE4EBC /* DiscoverPresentation.swift */,
				4F2674CE21CC3ABB00EE4EBC /* FeaturedPresentation.swift */,
				4F734C3E21CD11F70005903E /* ProductPresentation.swift */,
				4FAE409D21CFCC9100E81F2F /* CategoryPresentation.swift */,
				4F1762BA21CFF9CF000C3E34 /* CollectionPresentation.swift */,
				4F1762CF21D0089D000C3E34 /* EditorShopPresentation.swift */,
			);
			path = Presentations;
			sourceTree = "<group>";
		};
		4F734C2B21CCF3590005903E /* Discover */ = {
			isa = PBXGroup;
			children = (
				4F2674C121CC351B00EE4EBC /* Discover.storyboard */,
				4F2674BF21CC34D500EE4EBC /* DiscoverView.swift */,
				4F2674C521CC355F00EE4EBC /* DiscoverViewController.swift */,
				4F2674C321CC354300EE4EBC /* DiscoverBuilder.swift */,
				4F2674C721CC357D00EE4EBC /* DiscoverContracts.swift */,
				4F734C3521CD032A0005903E /* Cells */,
				4F2674CB21CC3A6500EE4EBC /* Presentations */,
			);
			path = Discover;
			sourceTree = "<group>";
		};
		4F734C3021CD02DF0005903E /* Common */ = {
			isa = PBXGroup;
			children = (
				4F734C3221CD02EE0005903E /* Protocols */,
				4F5941CC21D0B4FA00AD31B7 /* Extensions.swift */,
			);
			path = Common;
			sourceTree = "<group>";
		};
		4F734C3221CD02EE0005903E /* Protocols */ = {
			isa = PBXGroup;
			children = (
				4F734C3321CD03070005903E /* XibLoadable.swift */,
			);
			path = Protocols;
			sourceTree = "<group>";
		};
		4F734C3521CD032A0005903E /* Cells */ = {
			isa = PBXGroup;
			children = (
				4F734C4221CD19C30005903E /* Featured */,
				4F734C4321CD19D90005903E /* NewProduct */,
				4FAE409321CFCB6A00E81F2F /* Categories */,
				4F1762B121CFF7F5000C3E34 /* Collections */,
				4F1762CC21D007FE000C3E34 /* EditorShops */,
			);
			path = Cells;
			sourceTree = "<group>";
		};
		4F734C4221CD19C30005903E /* Featured */ = {
			isa = PBXGroup;
			children = (
				4F1762BD21D000D8000C3E34 /* FeaturedTableViewCellBuilder.swift */,
				4F734C3621CD03660005903E /* FeaturedTableViewCell.swift */,
				4F734C3821CD03780005903E /* FeaturedTableViewCell.xib */,
				4F734C3C21CD08500005903E /* SlideView.swift */,
				4F734C3A21CD08420005903E /* SlideView.xib */,
			);
			path = Featured;
			sourceTree = "<group>";
		};
		4F734C4321CD19D90005903E /* NewProduct */ = {
			isa = PBXGroup;
			children = (
				4F1762C021D00275000C3E34 /* NewProductsTableViewCellBuilder.swift */,
				4F734C4021CD19BD0005903E /* NewProductsTableViewCell.swift */,
				4F734C4421CD19FA0005903E /* NewProductsTableViewCell.xib */,
				4F1762CA21D0068A000C3E34 /* NewProductsCollectionViewCellBuilder.swift */,
				4F5252C421CEA37E0057ED61 /* NewProductsCollectionViewCell.swift */,
				4F5252C521CEA37E0057ED61 /* NewProductsCollectionViewCell.xib */,
			);
			path = NewProduct;
			sourceTree = "<group>";
		};
		4F8199A921CB756800264D6A = {
			isa = PBXGroup;
			children = (
				4F8199B421CB756800264D6A /* Mobillium_Behlul */,
				4F734C3021CD02DF0005903E /* Common */,
				4F8199EC21CB82A500264D6A /* Vendor */,
				4F8199B321CB756800264D6A /* Products */,
			);
			sourceTree = "<group>";
		};
		4F8199B321CB756800264D6A /* Products */ = {
			isa = PBXGroup;
			children = (
				4F8199B221CB756800264D6A /* Mobillium_Behlul.app */,
			);
			name = Products;
			sourceTree = "<group>";
		};
		4F8199B421CB756800264D6A /* Mobillium_Behlul */ = {
			isa = PBXGroup;
			children = (
				4F2674BB21CC33E700EE4EBC /* App */,
				4F2674BA21CC33D300EE4EBC /* Scenes */,
				4F2674B921CC33BB00EE4EBC /* Resources */,
				4F2674B821CC33A700EE4EBC /* Supporting Files */,
			);
			path = Mobillium_Behlul;
			sourceTree = "<group>";
		};
		4F8199EC21CB82A500264D6A /* Vendor */ = {
			isa = PBXGroup;
			children = (
				4F2674B521CC2FC500EE4EBC /* Kingfisher.framework */,
				4F8199EF21CB836400264D6A /* NetworkAPI.xcodeproj */,
			);
			name = Vendor;
			sourceTree = "<group>";
		};
		4F8199F021CB836400264D6A /* Products */ = {
			isa = PBXGroup;
			children = (
				4F8199F521CB836400264D6A /* NetworkAPI.framework */,
				4F8199F721CB836400264D6A /* NetworkAPITests.xctest */,
			);
			name = Products;
			sourceTree = "<group>";
		};
		4FAE409321CFCB6A00E81F2F /* Categories */ = {
			isa = PBXGroup;
			children = (
				4F1762C221D00307000C3E34 /* CategoriesTableViewCellBuilder.swift */,
				4FAE409521CFCB9700E81F2F /* CategoriesTableViewCell.swift */,
				4FAE409721CFCBA200E81F2F /* CategoriesTableViewCell.xib */,
				4F1762C821D0058F000C3E34 /* CategoriesCollectionViewCellBuilder.swift */,
				4FAE409921CFCBBB00E81F2F /* CategoriesCollectionViewCell.swift */,
				4FAE409A21CFCBBB00E81F2F /* CategoriesCollectionViewCell.xib */,
			);
			path = Categories;
			sourceTree = "<group>";
		};
/* End PBXGroup section */

/* Begin PBXNativeTarget section */
		4F8199B121CB756800264D6A /* Mobillium_Behlul */ = {
			isa = PBXNativeTarget;
			buildConfigurationList = 4F8199C421CB756900264D6A /* Build configuration list for PBXNativeTarget "Mobillium_Behlul" */;
			buildPhases = (
				4F8199AE21CB756800264D6A /* Sources */,
				4F8199AF21CB756800264D6A /* Frameworks */,
				4F8199B021CB756800264D6A /* Resources */,
				4F8199FC21CB837700264D6A /* Embed Frameworks */,
				4F819A0B21CB879F00264D6A /* Copy Frameworks (Carthage) */,
			);
			buildRules = (
			);
			dependencies = (
				4F8199FB21CB837600264D6A /* PBXTargetDependency */,
			);
			name = Mobillium_Behlul;
			productName = Mobillium_Behlul;
			productReference = 4F8199B221CB756800264D6A /* Mobillium_Behlul.app */;
			productType = "com.apple.product-type.application";
		};
/* End PBXNativeTarget section */

/* Begin PBXProject section */
		4F8199AA21CB756800264D6A /* Project object */ = {
			isa = PBXProject;
			attributes = {
				LastSwiftUpdateCheck = 1010;
				LastUpgradeCheck = 1010;
				ORGANIZATIONNAME = behlul;
				TargetAttributes = {
					4F8199B121CB756800264D6A = {
						CreatedOnToolsVersion = 10.1;
					};
				};
			};
			buildConfigurationList = 4F8199AD21CB756800264D6A /* Build configuration list for PBXProject "Mobillium_Behlul" */;
			compatibilityVersion = "Xcode 9.3";
			developmentRegion = en;
			hasScannedForEncodings = 0;
			knownRegions = (
				en,
				Base,
			);
			mainGroup = 4F8199A921CB756800264D6A;
			productRefGroup = 4F8199B321CB756800264D6A /* Products */;
			projectDirPath = "";
			projectReferences = (
				{
					ProductGroup = 4F8199F021CB836400264D6A /* Products */;
					ProjectRef = 4F8199EF21CB836400264D6A /* NetworkAPI.xcodeproj */;
				},
			);
			projectRoot = "";
			targets = (
				4F8199B121CB756800264D6A /* Mobillium_Behlul */,
			);
		};
/* End PBXProject section */

/* Begin PBXReferenceProxy section */
		4F8199F521CB836400264D6A /* NetworkAPI.framework */ = {
			isa = PBXReferenceProxy;
			fileType = wrapper.framework;
			path = NetworkAPI.framework;
			remoteRef = 4F8199F421CB836400264D6A /* PBXContainerItemProxy */;
			sourceTree = BUILT_PRODUCTS_DIR;
		};
		4F8199F721CB836400264D6A /* NetworkAPITests.xctest */ = {
			isa = PBXReferenceProxy;
			fileType = wrapper.cfbundle;
			path = NetworkAPITests.xctest;
			remoteRef = 4F8199F621CB836400264D6A /* PBXContainerItemProxy */;
			sourceTree = BUILT_PRODUCTS_DIR;
		};
/* End PBXReferenceProxy section */

/* Begin PBXResourcesBuildPhase section */
		4F8199B021CB756800264D6A /* Resources */ = {
			isa = PBXResourcesBuildPhase;
			buildActionMask = 2147483647;
			files = (
				4F1762D821D00F43000C3E34 /* EditorShopsCollectionViewCell.xib in Resources */,
				4F8199C021CB756900264D6A /* LaunchScreen.storyboard in Resources */,
				4F734C3921CD03780005903E /* FeaturedTableViewCell.xib in Resources */,
				4FAE409C21CFCBBB00E81F2F /* CategoriesCollectionViewCell.xib in Resources */,
				4F1762E421D0296A000C3E34 /* DiscoverDetail.storyboard in Resources */,
				4F734C4521CD19FA0005903E /* NewProductsTableViewCell.xib in Resources */,
				4F5252C721CEA37E0057ED61 /* NewProductsCollectionViewCell.xib in Resources */,
				4F1762B521CFF82E000C3E34 /* CollectionsTableViewCell.xib in Resources */,
				4F8199BD21CB756900264D6A /* Assets.xcassets in Resources */,
				4F1762B921CFF84E000C3E34 /* CollectionsCollectionViewCell.xib in Resources */,
				4F1762D421D00DF1000C3E34 /* EditorShopsTableViewCell.xib in Resources */,
				4FAE409821CFCBA200E81F2F /* CategoriesTableViewCell.xib in Resources */,
				4F734C3B21CD08420005903E /* SlideView.xib in Resources */,
				4F2674C221CC351B00EE4EBC /* Discover.storyboard in Resources */,
			);
			runOnlyForDeploymentPostprocessing = 0;
		};
/* End PBXResourcesBuildPhase section */

/* Begin PBXShellScriptBuildPhase section */
		4F819A0B21CB879F00264D6A /* Copy Frameworks (Carthage) */ = {
			isa = PBXShellScriptBuildPhase;
			buildActionMask = 2147483647;
			files = (
			);
			inputFileListPaths = (
			);
			inputPaths = (
				"$(SRCROOT)/../Vendor/Carthage/Build/iOS/Alamofire.framework",
				"$(SRCROOT)/../Vendor/Carthage/Build/iOS/Moya.framework",
				"$(SRCROOT)/../Vendor/Carthage/Build/iOS/Result.framework",
				"$(SRCROOT)/../Vendor/Carthage/Build/iOS/Kingfisher.framework",
			);
			name = "Copy Frameworks (Carthage)";
			outputFileListPaths = (
			);
			outputPaths = (
				"$(BUILT_PRODUCTS_DIR)/$(FRAMEWORKS_FOLDER_PATH)/Alamofire.framework",
				"$(BUILT_PRODUCTS_DIR)/$(FRAMEWORKS_FOLDER_PATH)/Moya.framework",
				"$(BUILT_PRODUCTS_DIR)/$(FRAMEWORKS_FOLDER_PATH)/Result.framework",
				"$(BUILT_PRODUCTS_DIR)/$(FRAMEWORKS_FOLDER_PATH)/Kingfisher.framework",
			);
			runOnlyForDeploymentPostprocessing = 0;
			shellPath = /bin/sh;
			shellScript = "/usr/local/bin/carthage copy-frameworks\n";
		};
/* End PBXShellScriptBuildPhase section */

/* Begin PBXSourcesBuildPhase section */
		4F8199AE21CB756800264D6A /* Sources */ = {
			isa = PBXSourcesBuildPhase;
			buildActionMask = 2147483647;
			files = (
				4F1762E221D02951000C3E34 /* DiscoverDetailView.swift in Sources */,
				4F1762D221D00CCA000C3E34 /* EditorShopsTableViewCellBuilder.swift in Sources */,
				4F1762D721D00F43000C3E34 /* EditorShopsCollectionViewCell.swift in Sources */,
				4F1762C921D0058F000C3E34 /* CategoriesCollectionViewCellBuilder.swift in Sources */,
				4F1762BB21CFF9CF000C3E34 /* CollectionPresentation.swift in Sources */,
				4F734C3721CD03660005903E /* FeaturedTableViewCell.swift in Sources */,
				4F1762DA21D01282000C3E34 /* EditorShopsCollectionViewCellBuilder.swift in Sources */,
				4F5941CD21D0B4FA00AD31B7 /* Extensions.swift in Sources */,
				4F1762C721D00435000C3E34 /* CollectionsCollectionViewCellBuilder.swift in Sources */,
				4F1762CE21D00840000C3E34 /* EditorShopsTableViewCell.swift in Sources */,
				4FAE409621CFCB9700E81F2F /* CategoriesTableViewCell.swift in Sources */,
				4F1762CB21D0068A000C3E34 /* NewProductsCollectionViewCellBuilder.swift in Sources */,
				4F1762C521D0038E000C3E34 /* CollectionsTableViewCellBuilder.swift in Sources */,
				4FAE409B21CFCBBB00E81F2F /* CategoriesCollectionViewCell.swift in Sources */,
				4F8199B621CB756800264D6A /* AppDelegate.swift in Sources */,
				4F1762BE21D000D8000C3E34 /* FeaturedTableViewCellBuilder.swift in Sources */,
				4F2674CD21CC3A9600EE4EBC /* DiscoverPresentation.swift in Sources */,
				4F5252C621CEA37E0057ED61 /* NewProductsCollectionViewCell.swift in Sources */,
				4F2674D121CC41D500EE4EBC /* AppContainer.swift in Sources */,
				4F2674BE21CC346200EE4EBC /* AppRouter.swift in Sources */,
				4F2674C621CC355F00EE4EBC /* DiscoverViewController.swift in Sources */,
				4F734C3D21CD08500005903E /* SlideView.swift in Sources */,
				4F1762C121D00275000C3E34 /* NewProductsTableViewCellBuilder.swift in Sources */,
				4F2674CF21CC3ABB00EE4EBC /* FeaturedPresentation.swift in Sources */,
				4F734C4121CD19BD0005903E /* NewProductsTableViewCell.swift in Sources */,
				4F1762E021D0293F000C3E34 /* DiscoverDetailViewController.swift in Sources */,
				4F1762B821CFF84E000C3E34 /* CollectionsCollectionViewCell.swift in Sources */,
				4F2674C821CC357D00EE4EBC /* DiscoverContracts.swift in Sources */,
				4F734C3F21CD11F70005903E /* ProductPresentation.swift in Sources */,
				4F734C3421CD03070005903E /* XibLoadable.swift in Sources */,
				4F1762DE21D0292D000C3E34 /* DiscoverDetailBuilder.swift in Sources */,
				4F1762D021D0089D000C3E34 /* EditorShopPresentation.swift in Sources */,
				4F2674C421CC354300EE4EBC /* DiscoverBuilder.swift in Sources */,
				4F2674C021CC34D500EE4EBC /* DiscoverView.swift in Sources */,
				4FAE409E21CFCC9100E81F2F /* CategoryPresentation.swift in Sources */,
				4F1762E821D02BE6000C3E34 /* DiscoverDetailContracts.swift in Sources */,
				4F1762B321CFF823000C3E34 /* CollectionsTableViewCell.swift in Sources */,
				4F1762C321D00307000C3E34 /* CategoriesTableViewCellBuilder.swift in Sources */,
			);
			runOnlyForDeploymentPostprocessing = 0;
		};
/* End PBXSourcesBuildPhase section */

/* Begin PBXTargetDependency section */
		4F8199FB21CB837600264D6A /* PBXTargetDependency */ = {
			isa = PBXTargetDependency;
			name = NetworkAPI;
			targetProxy = 4F8199FA21CB837600264D6A /* PBXContainerItemProxy */;
		};
/* End PBXTargetDependency section */

/* Begin PBXVariantGroup section */
		4F8199BE21CB756900264D6A /* LaunchScreen.storyboard */ = {
			isa = PBXVariantGroup;
			children = (
				4F8199BF21CB756900264D6A /* Base */,
			);
			name = LaunchScreen.storyboard;
			sourceTree = "<group>";
		};
/* End PBXVariantGroup section */

/* Begin XCBuildConfiguration section */
		4F8199C221CB756900264D6A /* Debug */ = {
			isa = XCBuildConfiguration;
			buildSettings = {
				ALWAYS_SEARCH_USER_PATHS = NO;
				CLANG_ANALYZER_NONNULL = YES;
				CLANG_ANALYZER_NUMBER_OBJECT_CONVERSION = YES_AGGRESSIVE;
				CLANG_CXX_LANGUAGE_STANDARD = "gnu++14";
				CLANG_CXX_LIBRARY = "libc++";
				CLANG_ENABLE_MODULES = YES;
				CLANG_ENABLE_OBJC_ARC = YES;
				CLANG_ENABLE_OBJC_WEAK = YES;
				CLANG_WARN_BLOCK_CAPTURE_AUTORELEASING = YES;
				CLANG_WARN_BOOL_CONVERSION = YES;
				CLANG_WARN_COMMA = YES;
				CLANG_WARN_CONSTANT_CONVERSION = YES;
				CLANG_WARN_DEPRECATED_OBJC_IMPLEMENTATIONS = YES;
				CLANG_WARN_DIRECT_OBJC_ISA_USAGE = YES_ERROR;
				CLANG_WARN_DOCUMENTATION_COMMENTS = YES;
				CLANG_WARN_EMPTY_BODY = YES;
				CLANG_WARN_ENUM_CONVERSION = YES;
				CLANG_WARN_INFINITE_RECURSION = YES;
				CLANG_WARN_INT_CONVERSION = YES;
				CLANG_WARN_NON_LITERAL_NULL_CONVERSION = YES;
				CLANG_WARN_OBJC_IMPLICIT_RETAIN_SELF = YES;
				CLANG_WARN_OBJC_LITERAL_CONVERSION = YES;
				CLANG_WARN_OBJC_ROOT_CLASS = YES_ERROR;
				CLANG_WARN_RANGE_LOOP_ANALYSIS = YES;
				CLANG_WARN_STRICT_PROTOTYPES = YES;
				CLANG_WARN_SUSPICIOUS_MOVE = YES;
				CLANG_WARN_UNGUARDED_AVAILABILITY = YES_AGGRESSIVE;
				CLANG_WARN_UNREACHABLE_CODE = YES;
				CLANG_WARN__DUPLICATE_METHOD_MATCH = YES;
				CODE_SIGN_IDENTITY = "iPhone Developer";
				COPY_PHASE_STRIP = NO;
				DEBUG_INFORMATION_FORMAT = dwarf;
				ENABLE_STRICT_OBJC_MSGSEND = YES;
				ENABLE_TESTABILITY = YES;
				GCC_C_LANGUAGE_STANDARD = gnu11;
				GCC_DYNAMIC_NO_PIC = NO;
				GCC_NO_COMMON_BLOCKS = YES;
				GCC_OPTIMIZATION_LEVEL = 0;
				GCC_PREPROCESSOR_DEFINITIONS = (
					"DEBUG=1",
					"$(inherited)",
				);
				GCC_WARN_64_TO_32_BIT_CONVERSION = YES;
				GCC_WARN_ABOUT_RETURN_TYPE = YES_ERROR;
				GCC_WARN_UNDECLARED_SELECTOR = YES;
				GCC_WARN_UNINITIALIZED_AUTOS = YES_AGGRESSIVE;
				GCC_WARN_UNUSED_FUNCTION = YES;
				GCC_WARN_UNUSED_VARIABLE = YES;
				IPHONEOS_DEPLOYMENT_TARGET = 12.1;
				MTL_ENABLE_DEBUG_INFO = INCLUDE_SOURCE;
				MTL_FAST_MATH = YES;
				ONLY_ACTIVE_ARCH = YES;
				SDKROOT = iphoneos;
				SWIFT_ACTIVE_COMPILATION_CONDITIONS = DEBUG;
				SWIFT_OPTIMIZATION_LEVEL = "-Onone";
			};
			name = Debug;
		};
		4F8199C321CB756900264D6A /* Release */ = {
			isa = XCBuildConfiguration;
			buildSettings = {
				ALWAYS_SEARCH_USER_PATHS = NO;
				CLANG_ANALYZER_NONNULL = YES;
				CLANG_ANALYZER_NUMBER_OBJECT_CONVERSION = YES_AGGRESSIVE;
				CLANG_CXX_LANGUAGE_STANDARD = "gnu++14";
				CLANG_CXX_LIBRARY = "libc++";
				CLANG_ENABLE_MODULES = YES;
				CLANG_ENABLE_OBJC_ARC = YES;
				CLANG_ENABLE_OBJC_WEAK = YES;
				CLANG_WARN_BLOCK_CAPTURE_AUTORELEASING = YES;
				CLANG_WARN_BOOL_CONVERSION = YES;
				CLANG_WARN_COMMA = YES;
				CLANG_WARN_CONSTANT_CONVERSION = YES;
				CLANG_WARN_DEPRECATED_OBJC_IMPLEMENTATIONS = YES;
				CLANG_WARN_DIRECT_OBJC_ISA_USAGE = YES_ERROR;
				CLANG_WARN_DOCUMENTATION_COMMENTS = YES;
				CLANG_WARN_EMPTY_BODY = YES;
				CLANG_WARN_ENUM_CONVERSION = YES;
				CLANG_WARN_INFINITE_RECURSION = YES;
				CLANG_WARN_INT_CONVERSION = YES;
				CLANG_WARN_NON_LITERAL_NULL_CONVERSION = YES;
				CLANG_WARN_OBJC_IMPLICIT_RETAIN_SELF = YES;
				CLANG_WARN_OBJC_LITERAL_CONVERSION = YES;
				CLANG_WARN_OBJC_ROOT_CLASS = YES_ERROR;
				CLANG_WARN_RANGE_LOOP_ANALYSIS = YES;
				CLANG_WARN_STRICT_PROTOTYPES = YES;
				CLANG_WARN_SUSPICIOUS_MOVE = YES;
				CLANG_WARN_UNGUARDED_AVAILABILITY = YES_AGGRESSIVE;
				CLANG_WARN_UNREACHABLE_CODE = YES;
				CLANG_WARN__DUPLICATE_METHOD_MATCH = YES;
				CODE_SIGN_IDENTITY = "iPhone Developer";
				COPY_PHASE_STRIP = NO;
				DEBUG_INFORMATION_FORMAT = "dwarf-with-dsym";
				ENABLE_NS_ASSERTIONS = NO;
				ENABLE_STRICT_OBJC_MSGSEND = YES;
				GCC_C_LANGUAGE_STANDARD = gnu11;
				GCC_NO_COMMON_BLOCKS = YES;
				GCC_WARN_64_TO_32_BIT_CONVERSION = YES;
				GCC_WARN_ABOUT_RETURN_TYPE = YES_ERROR;
				GCC_WARN_UNDECLARED_SELECTOR = YES;
				GCC_WARN_UNINITIALIZED_AUTOS = YES_AGGRESSIVE;
				GCC_WARN_UNUSED_FUNCTION = YES;
				GCC_WARN_UNUSED_VARIABLE = YES;
				IPHONEOS_DEPLOYMENT_TARGET = 12.1;
				MTL_ENABLE_DEBUG_INFO = NO;
				MTL_FAST_MATH = YES;
				SDKROOT = iphoneos;
				SWIFT_COMPILATION_MODE = wholemodule;
				SWIFT_OPTIMIZATION_LEVEL = "-O";
				VALIDATE_PRODUCT = YES;
			};
			name = Release;
		};
		4F8199C521CB756900264D6A /* Debug */ = {
			isa = XCBuildConfiguration;
			buildSettings = {
				ALWAYS_EMBED_SWIFT_STANDARD_LIBRARIES = YES;
				ASSETCATALOG_COMPILER_APPICON_NAME = AppIcon;
				CODE_SIGN_STYLE = Automatic;
				DEVELOPMENT_TEAM = 6QZY3LQ388;
				FRAMEWORK_SEARCH_PATHS = "$(SRCROOT)/../Vendor/Carthage/Build/iOS/";
				INFOPLIST_FILE = "$(SRCROOT)/Mobillium_Behlul/Supporting Files/Info.plist";
				LD_RUNPATH_SEARCH_PATHS = (
					"$(inherited)",
					"@executable_path/Frameworks",
				);
				PRODUCT_BUNDLE_IDENTIFIER = "com.behlulkusaslan.Mobillium-Behlul";
				PRODUCT_NAME = "$(TARGET_NAME)";
				SWIFT_VERSION = 4.2;
				TARGETED_DEVICE_FAMILY = "1,2";
			};
			name = Debug;
		};
		4F8199C621CB756900264D6A /* Release */ = {
			isa = XCBuildConfiguration;
			buildSettings = {
				ALWAYS_EMBED_SWIFT_STANDARD_LIBRARIES = YES;
				ASSETCATALOG_COMPILER_APPICON_NAME = AppIcon;
				CODE_SIGN_STYLE = Automatic;
				DEVELOPMENT_TEAM = 6QZY3LQ388;
				FRAMEWORK_SEARCH_PATHS = "$(SRCROOT)/../Vendor/Carthage/Build/iOS/";
				INFOPLIST_FILE = "$(SRCROOT)/Mobillium_Behlul/Supporting Files/Info.plist";
				LD_RUNPATH_SEARCH_PATHS = (
					"$(inherited)",
					"@executable_path/Frameworks",
				);
				PRODUCT_BUNDLE_IDENTIFIER = "com.behlulkusaslan.Mobillium-Behlul";
				PRODUCT_NAME = "$(TARGET_NAME)";
				SWIFT_VERSION = 4.2;
				TARGETED_DEVICE_FAMILY = "1,2";
			};
			name = Release;
		};
/* End XCBuildConfiguration section */

/* Begin XCConfigurationList section */
		4F8199AD21CB756800264D6A /* Build configuration list for PBXProject "Mobillium_Behlul" */ = {
			isa = XCConfigurationList;
			buildConfigurations = (
				4F8199C221CB756900264D6A /* Debug */,
				4F8199C321CB756900264D6A /* Release */,
			);
			defaultConfigurationIsVisible = 0;
			defaultConfigurationName = Release;
		};
		4F8199C421CB756900264D6A /* Build configuration list for PBXNativeTarget "Mobillium_Behlul" */ = {
			isa = XCConfigurationList;
			buildConfigurations = (
				4F8199C521CB756900264D6A /* Debug */,
				4F8199C621CB756900264D6A /* Release */,
			);
			defaultConfigurationIsVisible = 0;
			defaultConfigurationName = Release;
		};
/* End XCConfigurationList section */
	};
	rootObject = 4F8199AA21CB756800264D6A /* Project object */;
}
