// !$*UTF8*$!
{
	archiveVersion = 1;
	classes = {
	};
	objectVersion = 50;
	objects = {

/* Begin PBXBuildFile section */
		4F2674B621CC2FC500EE4EBC /* Kingfisher.framework in Frameworks */ = {isa = PBXBuildFile; fileRef = 4F2674B521CC2FC500EE4EBC /* Kingfisher.framework */; };
		4F8199B621CB756800264D6A /* AppDelegate.swift in Sources */ = {isa = PBXBuildFile; fileRef = 4F8199B521CB756800264D6A /* AppDelegate.swift */; };
		4F8199B821CB756800264D6A /* ViewController.swift in Sources */ = {isa = PBXBuildFile; fileRef = 4F8199B721CB756800264D6A /* ViewController.swift */; };
		4F8199BB21CB756800264D6A /* Main.storyboard in Resources */ = {isa = PBXBuildFile; fileRef = 4F8199B921CB756800264D6A /* Main.storyboard */; };
		4F8199BD21CB756900264D6A /* Assets.xcassets in Resources */ = {isa = PBXBuildFile; fileRef = 4F8199BC21CB756900264D6A /* Assets.xcassets */; };
		4F8199C021CB756900264D6A /* LaunchScreen.storyboard in Resources */ = {isa = PBXBuildFile; fileRef = 4F8199BE21CB756900264D6A /* LaunchScreen.storyboard */; };
		4F8199F821CB837600264D6A /* NetworkAPI.framework in Frameworks */ = {isa = PBXBuildFile; fileRef = 4F8199F521CB836400264D6A /* NetworkAPI.framework */; };
		4F8199F921CB837600264D6A /* NetworkAPI.framework in Embed Frameworks */ = {isa = PBXBuildFile; fileRef = 4F8199F521CB836400264D6A /* NetworkAPI.framework */; settings = {ATTRIBUTES = (CodeSignOnCopy, RemoveHeadersOnCopy, ); }; };
/* End PBXBuildFile section */

/* Begin PBXContainerItemProxy section */
		4F8199F421CB836400264D6A /* PBXContainerItemProxy */ = {
			isa = PBXContainerItemProxy;
			containerPortal = 4F8199EF21CB836400264D6A /* NetworkAPI.xcodeproj */;
			proxyType = 2;
			remoteGlobalIDString = 4F8199D121CB75E600264D6A;
			remoteInfo = NetworkAPI;
		};
		4F8199F621CB836400264D6A /* PBXContainerItemProxy */ = {
			isa = PBXContainerItemProxy;
			containerPortal = 4F8199EF21CB836400264D6A /* NetworkAPI.xcodeproj */;
			proxyType = 2;
			remoteGlobalIDString = 4F8199DA21CB75E600264D6A;
			remoteInfo = NetworkAPITests;
		};
		4F8199FA21CB837600264D6A /* PBXContainerItemProxy */ = {
			isa = PBXContainerItemProxy;
			containerPortal = 4F8199EF21CB836400264D6A /* NetworkAPI.xcodeproj */;
			proxyType = 1;
			remoteGlobalIDString = 4F8199D021CB75E600264D6A;
			remoteInfo = NetworkAPI;
		};
/* End PBXContainerItemProxy section */

/* Begin PBXCopyFilesBuildPhase section */
		4F8199FC21CB837700264D6A /* Embed Frameworks */ = {
			isa = PBXCopyFilesBuildPhase;
			buildActionMask = 2147483647;
			dstPath = "";
			dstSubfolderSpec = 10;
			files = (
				4F8199F921CB837600264D6A /* NetworkAPI.framework in Embed Frameworks */,
			);
			name = "Embed Frameworks";
			runOnlyForDeploymentPostprocessing = 0;
		};
/* End PBXCopyFilesBuildPhase section */

/* Begin PBXFileReference section */
		4F2674B521CC2FC500EE4EBC /* Kingfisher.framework */ = {isa = PBXFileReference; lastKnownFileType = wrapper.framework; name = Kingfisher.framework; path = ../Vendor/Carthage/Build/iOS/Kingfisher.framework; sourceTree = "<group>"; };
		4F8199B221CB756800264D6A /* Mobillium_Behlul.app */ = {isa = PBXFileReference; explicitFileType = wrapper.application; includeInIndex = 0; path = Mobillium_Behlul.app; sourceTree = BUILT_PRODUCTS_DIR; };
		4F8199B521CB756800264D6A /* AppDelegate.swift */ = {isa = PBXFileReference; lastKnownFileType = sourcecode.swift; path = AppDelegate.swift; sourceTree = "<group>"; };
		4F8199B721CB756800264D6A /* ViewController.swift */ = {isa = PBXFileReference; lastKnownFileType = sourcecode.swift; path = ViewController.swift; sourceTree = "<group>"; };
		4F8199BA21CB756800264D6A /* Base */ = {isa = PBXFileReference; lastKnownFileType = file.storyboard; name = Base; path = Base.lproj/Main.storyboard; sourceTree = "<group>"; };
		4F8199BC21CB756900264D6A /* Assets.xcassets */ = {isa = PBXFileReference; lastKnownFileType = folder.assetcatalog; path = Assets.xcassets; sourceTree = "<group>"; };
		4F8199BF21CB756900264D6A /* Base */ = {isa = PBXFileReference; lastKnownFileType = file.storyboard; name = Base; path = Base.lproj/LaunchScreen.storyboard; sourceTree = "<group>"; };
		4F8199C121CB756900264D6A /* Info.plist */ = {isa = PBXFileReference; lastKnownFileType = text.plist.xml; path = Info.plist; sourceTree = "<group>"; };
		4F8199EF21CB836400264D6A /* NetworkAPI.xcodeproj */ = {isa = PBXFileReference; lastKnownFileType = "wrapper.pb-project"; name = NetworkAPI.xcodeproj; path = ../NetworkAPI/NetworkAPI.xcodeproj; sourceTree = "<group>"; };
/* End PBXFileReference section */

/* Begin PBXFrameworksBuildPhase section */
		4F8199AF21CB756800264D6A /* Frameworks */ = {
			isa = PBXFrameworksBuildPhase;
			buildActionMask = 2147483647;
			files = (
				4F2674B621CC2FC500EE4EBC /* Kingfisher.framework in Frameworks */,
				4F8199F821CB837600264D6A /* NetworkAPI.framework in Frameworks */,
			);
			runOnlyForDeploymentPostprocessing = 0;
		};
/* End PBXFrameworksBuildPhase section */

/* Begin PBXGroup section */
		4F8199A921CB756800264D6A = {
			isa = PBXGroup;
			children = (
				4F8199B421CB756800264D6A /* Mobillium_Behlul */,
				4F8199EC21CB82A500264D6A /* Vendor */,
				4F8199B321CB756800264D6A /* Products */,
			);
			sourceTree = "<group>";
		};
		4F8199B321CB756800264D6A /* Products */ = {
			isa = PBXGroup;
			children = (
				4F8199B221CB756800264D6A /* Mobillium_Behlul.app */,
			);
			name = Products;
			sourceTree = "<group>";
		};
		4F8199B421CB756800264D6A /* Mobillium_Behlul */ = {
			isa = PBXGroup;
			children = (
				4F8199B521CB756800264D6A /* AppDelegate.swift */,
				4F8199B721CB756800264D6A /* ViewController.swift */,
				4F8199B921CB756800264D6A /* Main.storyboard */,
				4F8199BC21CB756900264D6A /* Assets.xcassets */,
				4F8199BE21CB756900264D6A /* LaunchScreen.storyboard */,
				4F8199C121CB756900264D6A /* Info.plist */,
			);
			path = Mobillium_Behlul;
			sourceTree = "<group>";
		};
		4F8199EC21CB82A500264D6A /* Vendor */ = {
			isa = PBXGroup;
			children = (
				4F2674B521CC2FC500EE4EBC /* Kingfisher.framework */,
				4F8199EF21CB836400264D6A /* NetworkAPI.xcodeproj */,
			);
			name = Vendor;
			sourceTree = "<group>";
		};
		4F8199F021CB836400264D6A /* Products */ = {
			isa = PBXGroup;
			children = (
				4F8199F521CB836400264D6A /* NetworkAPI.framework */,
				4F8199F721CB836400264D6A /* NetworkAPITests.xctest */,
			);
			name = Products;
			sourceTree = "<group>";
		};
/* End PBXGroup section */

/* Begin PBXNativeTarget section */
		4F8199B121CB756800264D6A /* Mobillium_Behlul */ = {
			isa = PBXNativeTarget;
			buildConfigurationList = 4F8199C421CB756900264D6A /* Build configuration list for PBXNativeTarget "Mobillium_Behlul" */;
			buildPhases = (
				4F8199AE21CB756800264D6A /* Sources */,
				4F8199AF21CB756800264D6A /* Frameworks */,
				4F8199B021CB756800264D6A /* Resources */,
				4F8199FC21CB837700264D6A /* Embed Frameworks */,
				4F819A0B21CB879F00264D6A /* Copy Frameworks (Carthage) */,
			);
			buildRules = (
			);
			dependencies = (
				4F8199FB21CB837600264D6A /* PBXTargetDependency */,
			);
			name = Mobillium_Behlul;
			productName = Mobillium_Behlul;
			productReference = 4F8199B221CB756800264D6A /* Mobillium_Behlul.app */;
			productType = "com.apple.product-type.application";
		};
/* End PBXNativeTarget section */

/* Begin PBXProject section */
		4F8199AA21CB756800264D6A /* Project object */ = {
			isa = PBXProject;
			attributes = {
				LastSwiftUpdateCheck = 1010;
				LastUpgradeCheck = 1010;
				ORGANIZATIONNAME = behlul;
				TargetAttributes = {
					4F8199B121CB756800264D6A = {
						CreatedOnToolsVersion = 10.1;
					};
				};
			};
			buildConfigurationList = 4F8199AD21CB756800264D6A /* Build configuration list for PBXProject "Mobillium_Behlul" */;
			compatibilityVersion = "Xcode 9.3";
			developmentRegion = en;
			hasScannedForEncodings = 0;
			knownRegions = (
				en,
				Base,
			);
			mainGroup = 4F8199A921CB756800264D6A;
			productRefGroup = 4F8199B321CB756800264D6A /* Products */;
			projectDirPath = "";
			projectReferences = (
				{
					ProductGroup = 4F8199F021CB836400264D6A /* Products */;
					ProjectRef = 4F8199EF21CB836400264D6A /* NetworkAPI.xcodeproj */;
				},
			);
			projectRoot = "";
			targets = (
				4F8199B121CB756800264D6A /* Mobillium_Behlul */,
			);
		};
/* End PBXProject section */

/* Begin PBXReferenceProxy section */
		4F8199F521CB836400264D6A /* NetworkAPI.framework */ = {
			isa = PBXReferenceProxy;
			fileType = wrapper.framework;
			path = NetworkAPI.framework;
			remoteRef = 4F8199F421CB836400264D6A /* PBXContainerItemProxy */;
			sourceTree = BUILT_PRODUCTS_DIR;
		};
		4F8199F721CB836400264D6A /* NetworkAPITests.xctest */ = {
			isa = PBXReferenceProxy;
			fileType = wrapper.cfbundle;
			path = NetworkAPITests.xctest;
			remoteRef = 4F8199F621CB836400264D6A /* PBXContainerItemProxy */;
			sourceTree = BUILT_PRODUCTS_DIR;
		};
/* End PBXReferenceProxy section */

/* Begin PBXResourcesBuildPhase section */
		4F8199B021CB756800264D6A /* Resources */ = {
			isa = PBXResourcesBuildPhase;
			buildActionMask = 2147483647;
			files = (
				4F8199C021CB756900264D6A /* LaunchScreen.storyboard in Resources */,
				4F8199BD21CB756900264D6A /* Assets.xcassets in Resources */,
				4F8199BB21CB756800264D6A /* Main.storyboard in Resources */,
			);
			runOnlyForDeploymentPostprocessing = 0;
		};
/* End PBXResourcesBuildPhase section */

/* Begin PBXShellScriptBuildPhase section */
		4F819A0B21CB879F00264D6A /* Copy Frameworks (Carthage) */ = {
			isa = PBXShellScriptBuildPhase;
			buildActionMask = 2147483647;
			files = (
			);
			inputFileListPaths = (
			);
			inputPaths = (
				"$(SRCROOT)/../Vendor/Carthage/Build/iOS/Alamofire.framework",
				"$(SRCROOT)/../Vendor/Carthage/Build/iOS/Moya.framework",
				"$(SRCROOT)/../Vendor/Carthage/Build/iOS/Result.framework",
				"$(SRCROOT)/../Vendor/Carthage/Build/iOS/Kingfisher.framework",
			);
			name = "Copy Frameworks (Carthage)";
			outputFileListPaths = (
			);
			outputPaths = (
				"$(BUILT_PRODUCTS_DIR)/$(FRAMEWORKS_FOLDER_PATH)/Alamofire.framework",
				"$(BUILT_PRODUCTS_DIR)/$(FRAMEWORKS_FOLDER_PATH)/Moya.framework",
				"$(BUILT_PRODUCTS_DIR)/$(FRAMEWORKS_FOLDER_PATH)/Result.framework",
				"$(BUILT_PRODUCTS_DIR)/$(FRAMEWORKS_FOLDER_PATH)/Kingfisher.framework",
			);
			runOnlyForDeploymentPostprocessing = 0;
			shellPath = /bin/sh;
			shellScript = "/usr/local/bin/carthage copy-frameworks\n";
		};
/* End PBXShellScriptBuildPhase section */

/* Begin PBXSourcesBuildPhase section */
		4F8199AE21CB756800264D6A /* Sources */ = {
			isa = PBXSourcesBuildPhase;
			buildActionMask = 2147483647;
			files = (
				4F8199B821CB756800264D6A /* ViewController.swift in Sources */,
				4F8199B621CB756800264D6A /* AppDelegate.swift in Sources */,
			);
			runOnlyForDeploymentPostprocessing = 0;
		};
/* End PBXSourcesBuildPhase section */

/* Begin PBXTargetDependency section */
		4F8199FB21CB837600264D6A /* PBXTargetDependency */ = {
			isa = PBXTargetDependency;
			name = NetworkAPI;
			targetProxy = 4F8199FA21CB837600264D6A /* PBXContainerItemProxy */;
		};
/* End PBXTargetDependency section */

/* Begin PBXVariantGroup section */
		4F8199B921CB756800264D6A /* Main.storyboard */ = {
			isa = PBXVariantGroup;
			children = (
				4F8199BA21CB756800264D6A /* Base */,
			);
			name = Main.storyboard;
			sourceTree = "<group>";
		};
		4F8199BE21CB756900264D6A /* LaunchScreen.storyboard */ = {
			isa = PBXVariantGroup;
			children = (
				4F8199BF21CB756900264D6A /* Base */,
			);
			name = LaunchScreen.storyboard;
			sourceTree = "<group>";
		};
/* End PBXVariantGroup section */

/* Begin XCBuildConfiguration section */
		4F8199C221CB756900264D6A /* Debug */ = {
			isa = XCBuildConfiguration;
			buildSettings = {
				ALWAYS_SEARCH_USER_PATHS = NO;
				CLANG_ANALYZER_NONNULL = YES;
				CLANG_ANALYZER_NUMBER_OBJECT_CONVERSION = YES_AGGRESSIVE;
				CLANG_CXX_LANGUAGE_STANDARD = "gnu++14";
				CLANG_CXX_LIBRARY = "libc++";
				CLANG_ENABLE_MODULES = YES;
				CLANG_ENABLE_OBJC_ARC = YES;
				CLANG_ENABLE_OBJC_WEAK = YES;
				CLANG_WARN_BLOCK_CAPTURE_AUTORELEASING = YES;
				CLANG_WARN_BOOL_CONVERSION = YES;
				CLANG_WARN_COMMA = YES;
				CLANG_WARN_CONSTANT_CONVERSION = YES;
				CLANG_WARN_DEPRECATED_OBJC_IMPLEMENTATIONS = YES;
				CLANG_WARN_DIRECT_OBJC_ISA_USAGE = YES_ERROR;
				CLANG_WARN_DOCUMENTATION_COMMENTS = YES;
				CLANG_WARN_EMPTY_BODY = YES;
				CLANG_WARN_ENUM_CONVERSION = YES;
				CLANG_WARN_INFINITE_RECURSION = YES;
				CLANG_WARN_INT_CONVERSION = YES;
				CLANG_WARN_NON_LITERAL_NULL_CONVERSION = YES;
				CLANG_WARN_OBJC_IMPLICIT_RETAIN_SELF = YES;
				CLANG_WARN_OBJC_LITERAL_CONVERSION = YES;
				CLANG_WARN_OBJC_ROOT_CLASS = YES_ERROR;
				CLANG_WARN_RANGE_LOOP_ANALYSIS = YES;
				CLANG_WARN_STRICT_PROTOTYPES = YES;
				CLANG_WARN_SUSPICIOUS_MOVE = YES;
				CLANG_WARN_UNGUARDED_AVAILABILITY = YES_AGGRESSIVE;
				CLANG_WARN_UNREACHABLE_CODE = YES;
				CLANG_WARN__DUPLICATE_METHOD_MATCH = YES;
				CODE_SIGN_IDENTITY = "iPhone Developer";
				COPY_PHASE_STRIP = NO;
				DEBUG_INFORMATION_FORMAT = dwarf;
				ENABLE_STRICT_OBJC_MSGSEND = YES;
				ENABLE_TESTABILITY = YES;
				GCC_C_LANGUAGE_STANDARD = gnu11;
				GCC_DYNAMIC_NO_PIC = NO;
				GCC_NO_COMMON_BLOCKS = YES;
				GCC_OPTIMIZATION_LEVEL = 0;
				GCC_PREPROCESSOR_DEFINITIONS = (
					"DEBUG=1",
					"$(inherited)",
				);
				GCC_WARN_64_TO_32_BIT_CONVERSION = YES;
				GCC_WARN_ABOUT_RETURN_TYPE = YES_ERROR;
				GCC_WARN_UNDECLARED_SELECTOR = YES;
				GCC_WARN_UNINITIALIZED_AUTOS = YES_AGGRESSIVE;
				GCC_WARN_UNUSED_FUNCTION = YES;
				GCC_WARN_UNUSED_VARIABLE = YES;
				IPHONEOS_DEPLOYMENT_TARGET = 12.1;
				MTL_ENABLE_DEBUG_INFO = INCLUDE_SOURCE;
				MTL_FAST_MATH = YES;
				ONLY_ACTIVE_ARCH = YES;
				SDKROOT = iphoneos;
				SWIFT_ACTIVE_COMPILATION_CONDITIONS = DEBUG;
				SWIFT_OPTIMIZATION_LEVEL = "-Onone";
			};
			name = Debug;
		};
		4F8199C321CB756900264D6A /* Release */ = {
			isa = XCBuildConfiguration;
			buildSettings = {
				ALWAYS_SEARCH_USER_PATHS = NO;
				CLANG_ANALYZER_NONNULL = YES;
				CLANG_ANALYZER_NUMBER_OBJECT_CONVERSION = YES_AGGRESSIVE;
				CLANG_CXX_LANGUAGE_STANDARD = "gnu++14";
				CLANG_CXX_LIBRARY = "libc++";
				CLANG_ENABLE_MODULES = YES;
				CLANG_ENABLE_OBJC_ARC = YES;
				CLANG_ENABLE_OBJC_WEAK = YES;
				CLANG_WARN_BLOCK_CAPTURE_AUTORELEASING = YES;
				CLANG_WARN_BOOL_CONVERSION = YES;
				CLANG_WARN_COMMA = YES;
				CLANG_WARN_CONSTANT_CONVERSION = YES;
				CLANG_WARN_DEPRECATED_OBJC_IMPLEMENTATIONS = YES;
				CLANG_WARN_DIRECT_OBJC_ISA_USAGE = YES_ERROR;
				CLANG_WARN_DOCUMENTATION_COMMENTS = YES;
				CLANG_WARN_EMPTY_BODY = YES;
				CLANG_WARN_ENUM_CONVERSION = YES;
				CLANG_WARN_INFINITE_RECURSION = YES;
				CLANG_WARN_INT_CONVERSION = YES;
				CLANG_WARN_NON_LITERAL_NULL_CONVERSION = YES;
				CLANG_WARN_OBJC_IMPLICIT_RETAIN_SELF = YES;
				CLANG_WARN_OBJC_LITERAL_CONVERSION = YES;
				CLANG_WARN_OBJC_ROOT_CLASS = YES_ERROR;
				CLANG_WARN_RANGE_LOOP_ANALYSIS = YES;
				CLANG_WARN_STRICT_PROTOTYPES = YES;
				CLANG_WARN_SUSPICIOUS_MOVE = YES;
				CLANG_WARN_UNGUARDED_AVAILABILITY = YES_AGGRESSIVE;
				CLANG_WARN_UNREACHABLE_CODE = YES;
				CLANG_WARN__DUPLICATE_METHOD_MATCH = YES;
				CODE_SIGN_IDENTITY = "iPhone Developer";
				COPY_PHASE_STRIP = NO;
				DEBUG_INFORMATION_FORMAT = "dwarf-with-dsym";
				ENABLE_NS_ASSERTIONS = NO;
				ENABLE_STRICT_OBJC_MSGSEND = YES;
				GCC_C_LANGUAGE_STANDARD = gnu11;
				GCC_NO_COMMON_BLOCKS = YES;
				GCC_WARN_64_TO_32_BIT_CONVERSION = YES;
				GCC_WARN_ABOUT_RETURN_TYPE = YES_ERROR;
				GCC_WARN_UNDECLARED_SELECTOR = YES;
				GCC_WARN_UNINITIALIZED_AUTOS = YES_AGGRESSIVE;
				GCC_WARN_UNUSED_FUNCTION = YES;
				GCC_WARN_UNUSED_VARIABLE = YES;
				IPHONEOS_DEPLOYMENT_TARGET = 12.1;
				MTL_ENABLE_DEBUG_INFO = NO;
				MTL_FAST_MATH = YES;
				SDKROOT = iphoneos;
				SWIFT_COMPILATION_MODE = wholemodule;
				SWIFT_OPTIMIZATION_LEVEL = "-O";
				VALIDATE_PRODUCT = YES;
			};
			name = Release;
		};
		4F8199C521CB756900264D6A /* Debug */ = {
			isa = XCBuildConfiguration;
			buildSettings = {
				ALWAYS_EMBED_SWIFT_STANDARD_LIBRARIES = YES;
				ASSETCATALOG_COMPILER_APPICON_NAME = AppIcon;
				CODE_SIGN_STYLE = Automatic;
				DEVELOPMENT_TEAM = 6QZY3LQ388;
				FRAMEWORK_SEARCH_PATHS = "$(SRCROOT)/../Vendor/Carthage/Build/iOS/";
				INFOPLIST_FILE = Mobillium_Behlul/Info.plist;
				LD_RUNPATH_SEARCH_PATHS = (
					"$(inherited)",
					"@executable_path/Frameworks",
				);
				PRODUCT_BUNDLE_IDENTIFIER = "com.behlulkusaslan.Mobillium-Behlul";
				PRODUCT_NAME = "$(TARGET_NAME)";
				SWIFT_VERSION = 4.2;
				TARGETED_DEVICE_FAMILY = "1,2";
			};
			name = Debug;
		};
		4F8199C621CB756900264D6A /* Release */ = {
			isa = XCBuildConfiguration;
			buildSettings = {
				ALWAYS_EMBED_SWIFT_STANDARD_LIBRARIES = YES;
				ASSETCATALOG_COMPILER_APPICON_NAME = AppIcon;
				CODE_SIGN_STYLE = Automatic;
				DEVELOPMENT_TEAM = 6QZY3LQ388;
				FRAMEWORK_SEARCH_PATHS = "$(SRCROOT)/../Vendor/Carthage/Build/iOS/";
				INFOPLIST_FILE = Mobillium_Behlul/Info.plist;
				LD_RUNPATH_SEARCH_PATHS = (
					"$(inherited)",
					"@executable_path/Frameworks",
				);
				PRODUCT_BUNDLE_IDENTIFIER = "com.behlulkusaslan.Mobillium-Behlul";
				PRODUCT_NAME = "$(TARGET_NAME)";
				SWIFT_VERSION = 4.2;
				TARGETED_DEVICE_FAMILY = "1,2";
			};
			name = Release;
		};
/* End XCBuildConfiguration section */

/* Begin XCConfigurationList section */
		4F8199AD21CB756800264D6A /* Build configuration list for PBXProject "Mobillium_Behlul" */ = {
			isa = XCConfigurationList;
			buildConfigurations = (
				4F8199C221CB756900264D6A /* Debug */,
				4F8199C321CB756900264D6A /* Release */,
			);
			defaultConfigurationIsVisible = 0;
			defaultConfigurationName = Release;
		};
		4F8199C421CB756900264D6A /* Build configuration list for PBXNativeTarget "Mobillium_Behlul" */ = {
			isa = XCConfigurationList;
			buildConfigurations = (
				4F8199C521CB756900264D6A /* Debug */,
				4F8199C621CB756900264D6A /* Release */,
			);
			defaultConfigurationIsVisible = 0;
			defaultConfigurationName = Release;
		};
/* End XCConfigurationList section */
	};
	rootObject = 4F8199AA21CB756800264D6A /* Project object */;
}
